
Microsoft Visual Studio Solution File, Format Version 12.00
# Visual Studio Version 17
VisualStudioVersion = 17.4.33103.184
MinimumVisualStudioVersion = 10.0.40219.1
Project("{FAE04EC0-301F-11D3-BF4B-00C04F79EFBC}") = "RetrieveIpAddress", "RetrieveIpAddress\RetrieveIpAddress.csproj", "{2CBECCA8-8FA4-4335-ADA6-8565A1CB5417}"
EndProject
Global
	GlobalSection(SolutionConfigurationPlatforms) = preSolution
		Debug|Any CPU = Debug|Any CPU
		Release|Any CPU = Release|Any CPU
	EndGlobalSection
	GlobalSection(ProjectConfigurationPlatforms) = postSolution
		{2CBECCA8-8FA4-4335-ADA6-8565A1CB5417}.Debug|Any CPU.ActiveCfg = Debug|Any CPU
		{2CBECCA8-8FA4-4335-ADA6-8565A1CB5417}.Debug|Any CPU.Build.0 = Debug|Any CPU
		{2CBECCA8-8FA4-4335-ADA6-8565A1CB5417}.Release|Any CPU.ActiveCfg = Release|Any CPU
		{2CBECCA8-8FA4-4335-ADA6-8565A1CB5417}.Release|Any CPU.Build.0 = Release|Any CPU
	EndGlobalSection
	GlobalSection(SolutionProperties) = preSolution
		HideSolutionNode = FALSE
	EndGlobalSection
	GlobalSection(ExtensibilityGlobals) = postSolution
		SolutionGuid = {59F69E5D-A06F-40C2-AFEC-8A63A521A74F}
	EndGlobalSection
EndGlobal
