
Microsoft Visual Studio Solution File, Format Version 12.00
# Visual Studio Version 17
VisualStudioVersion = 17.4.33103.184
MinimumVisualStudioVersion = 10.0.40219.1
Project("{FAE04EC0-301F-11D3-BF4B-00C04F79EFBC}") = "AdventureWorks.Upload", "AdventureWorks.Upload\AdventureWorks.Upload.csproj", "{7E88BE02-C54C-4298-B931-9C7793CABAF6}"
EndProject
Project("{FAE04EC0-301F-11D3-BF4B-00C04F79EFBC}") = "AdventureWorks.Models", "AdventureWorks.Models\AdventureWorks.Models.csproj", "{DA85E57B-547F-45C0-88A7-96934317A1A2}"
EndProject
Project("{FAE04EC0-301F-11D3-BF4B-00C04F79EFBC}") = "AdventureWorks.Context", "AdventureWorks.Context\AdventureWorks.Context.csproj", "{15C5F7DD-8D8E-4C9A-8AA9-582D9AFF6361}"
EndProject
Project("{FAE04EC0-301F-11D3-BF4B-00C04F79EFBC}") = "AdventureWorks.Web", "AdventureWorks.Web\AdventureWorks.Web.csproj", "{07852363-A454-4F84-945E-C3103CE42BE5}"
EndProject
Global
	GlobalSection(SolutionConfigurationPlatforms) = preSolution
		Debug|Any CPU = Debug|Any CPU
		Release|Any CPU = Release|Any CPU
	EndGlobalSection
	GlobalSection(ProjectConfigurationPlatforms) = postSolution
		{7E88BE02-C54C-4298-B931-9C7793CABAF6}.Debug|Any CPU.ActiveCfg = Debug|Any CPU
		{7E88BE02-C54C-4298-B931-9C7793CABAF6}.Debug|Any CPU.Build.0 = Debug|Any CPU
		{7E88BE02-C54C-4298-B931-9C7793CABAF6}.Release|Any CPU.ActiveCfg = Release|Any CPU
		{7E88BE02-C54C-4298-B931-9C7793CABAF6}.Release|Any CPU.Build.0 = Release|Any CPU
		{DA85E57B-547F-45C0-88A7-96934317A1A2}.Debug|Any CPU.ActiveCfg = Debug|Any CPU
		{DA85E57B-547F-45C0-88A7-96934317A1A2}.Debug|Any CPU.Build.0 = Debug|Any CPU
		{DA85E57B-547F-45C0-88A7-96934317A1A2}.Release|Any CPU.ActiveCfg = Release|Any CPU
		{DA85E57B-547F-45C0-88A7-96934317A1A2}.Release|Any CPU.Build.0 = Release|Any CPU
		{15C5F7DD-8D8E-4C9A-8AA9-582D9AFF6361}.Debug|Any CPU.ActiveCfg = Debug|Any CPU
		{15C5F7DD-8D8E-4C9A-8AA9-582D9AFF6361}.Debug|Any CPU.Build.0 = Debug|Any CPU
		{15C5F7DD-8D8E-4C9A-8AA9-582D9AFF6361}.Release|Any CPU.ActiveCfg = Release|Any CPU
		{15C5F7DD-8D8E-4C9A-8AA9-582D9AFF6361}.Release|Any CPU.Build.0 = Release|Any CPU
		{07852363-A454-4F84-945E-C3103CE42BE5}.Debug|Any CPU.ActiveCfg = Debug|Any CPU
		{07852363-A454-4F84-945E-C3103CE42BE5}.Debug|Any CPU.Build.0 = Debug|Any CPU
		{07852363-A454-4F84-945E-C3103CE42BE5}.Release|Any CPU.ActiveCfg = Release|Any CPU
		{07852363-A454-4F84-945E-C3103CE42BE5}.Release|Any CPU.Build.0 = Release|Any CPU
	EndGlobalSection
	GlobalSection(SolutionProperties) = preSolution
		HideSolutionNode = FALSE
	EndGlobalSection
	GlobalSection(ExtensibilityGlobals) = postSolution
		SolutionGuid = {2F182873-E8C0-460B-8A7D-F40C14C9020B}
	EndGlobalSection
EndGlobal
