
Microsoft Visual Studio Solution File, Format Version 12.00
# Visual Studio Version 17
VisualStudioVersion = 17.0.32002.185
MinimumVisualStudioVersion = 10.0.40219.1
Project("{2150E333-8FDC-42A3-9474-1A3956D46DE8}") = "Source", "Source", "{756F560E-5161-4025-9965-5BBA141B1E07}"
EndProject
Project("{2150E333-8FDC-42A3-9474-1A3956D46DE8}") = "api", "api", "{A50F72F5-B34A-459D-A253-1EE318A39F55}"
EndProject
Project("{2150E333-8FDC-42A3-9474-1A3956D46DE8}") = "web", "web", "{C01DFB67-1014-4502-92D4-40EE0A568852}"
EndProject
Project("{9A19103F-16F7-4668-BE54-9A1E7A4F7556}") = "Products.Api", "api\Products.Api\Products.Api.csproj", "{D1D76C5B-361D-4BE0-929F-3C6AF598F003}"
EndProject
Project("{9A19103F-16F7-4668-BE54-9A1E7A4F7556}") = "Products.Web", "web\Products.Web\Products.Web.csproj", "{CF2A76CE-11BC-43BC-98FA-28C1A59A2B3B}"
EndProject
Project("{FAE04EC0-301F-11D3-BF4B-00C04F79EFBC}") = "Products.DataServices", "web\Products.DataServices\Products.DataServices.csproj", "{D7AEEA5F-69F7-449F-999E-0A1B258B18A0}"
EndProject
Project("{2150E333-8FDC-42A3-9474-1A3956D46DE8}") = "common", "common", "{DC29B2AB-17EC-43F6-A94A-330C4AE2E1D0}"
EndProject
Project("{FAE04EC0-301F-11D3-BF4B-00C04F79EFBC}") = "Products.Core", "common\Products.Core\Products.Core.csproj", "{FA06DD31-D74D-4467-8C2F-CF80D6A56678}"
EndProject
Project("{FAE04EC0-301F-11D3-BF4B-00C04F79EFBC}") = "Products.Data", "common\Products.Data\Products.Data.csproj", "{6C9CEAFC-842D-46AC-A1BC-97DF5FA39F7F}"
EndProject
Global
	GlobalSection(SolutionConfigurationPlatforms) = preSolution
		Debug|Any CPU = Debug|Any CPU
		Release|Any CPU = Release|Any CPU
	EndGlobalSection
	GlobalSection(ProjectConfigurationPlatforms) = postSolution
		{D1D76C5B-361D-4BE0-929F-3C6AF598F003}.Debug|Any CPU.ActiveCfg = Debug|Any CPU
		{D1D76C5B-361D-4BE0-929F-3C6AF598F003}.Debug|Any CPU.Build.0 = Debug|Any CPU
		{D1D76C5B-361D-4BE0-929F-3C6AF598F003}.Release|Any CPU.ActiveCfg = Release|Any CPU
		{D1D76C5B-361D-4BE0-929F-3C6AF598F003}.Release|Any CPU.Build.0 = Release|Any CPU
		{CF2A76CE-11BC-43BC-98FA-28C1A59A2B3B}.Debug|Any CPU.ActiveCfg = Debug|Any CPU
		{CF2A76CE-11BC-43BC-98FA-28C1A59A2B3B}.Debug|Any CPU.Build.0 = Debug|Any CPU
		{CF2A76CE-11BC-43BC-98FA-28C1A59A2B3B}.Release|Any CPU.ActiveCfg = Release|Any CPU
		{CF2A76CE-11BC-43BC-98FA-28C1A59A2B3B}.Release|Any CPU.Build.0 = Release|Any CPU
		{D7AEEA5F-69F7-449F-999E-0A1B258B18A0}.Debug|Any CPU.ActiveCfg = Debug|Any CPU
		{D7AEEA5F-69F7-449F-999E-0A1B258B18A0}.Debug|Any CPU.Build.0 = Debug|Any CPU
		{D7AEEA5F-69F7-449F-999E-0A1B258B18A0}.Release|Any CPU.ActiveCfg = Release|Any CPU
		{D7AEEA5F-69F7-449F-999E-0A1B258B18A0}.Release|Any CPU.Build.0 = Release|Any CPU
		{FA06DD31-D74D-4467-8C2F-CF80D6A56678}.Debug|Any CPU.ActiveCfg = Debug|Any CPU
		{FA06DD31-D74D-4467-8C2F-CF80D6A56678}.Debug|Any CPU.Build.0 = Debug|Any CPU
		{FA06DD31-D74D-4467-8C2F-CF80D6A56678}.Release|Any CPU.ActiveCfg = Release|Any CPU
		{FA06DD31-D74D-4467-8C2F-CF80D6A56678}.Release|Any CPU.Build.0 = Release|Any CPU
		{6C9CEAFC-842D-46AC-A1BC-97DF5FA39F7F}.Debug|Any CPU.ActiveCfg = Debug|Any CPU
		{6C9CEAFC-842D-46AC-A1BC-97DF5FA39F7F}.Debug|Any CPU.Build.0 = Debug|Any CPU
		{6C9CEAFC-842D-46AC-A1BC-97DF5FA39F7F}.Release|Any CPU.ActiveCfg = Release|Any CPU
		{6C9CEAFC-842D-46AC-A1BC-97DF5FA39F7F}.Release|Any CPU.Build.0 = Release|Any CPU
	EndGlobalSection
	GlobalSection(SolutionProperties) = preSolution
		HideSolutionNode = FALSE
	EndGlobalSection
	GlobalSection(NestedProjects) = preSolution
		{A50F72F5-B34A-459D-A253-1EE318A39F55} = {756F560E-5161-4025-9965-5BBA141B1E07}
		{C01DFB67-1014-4502-92D4-40EE0A568852} = {756F560E-5161-4025-9965-5BBA141B1E07}
		{D1D76C5B-361D-4BE0-929F-3C6AF598F003} = {A50F72F5-B34A-459D-A253-1EE318A39F55}
		{CF2A76CE-11BC-43BC-98FA-28C1A59A2B3B} = {C01DFB67-1014-4502-92D4-40EE0A568852}
		{D7AEEA5F-69F7-449F-999E-0A1B258B18A0} = {C01DFB67-1014-4502-92D4-40EE0A568852}
		{DC29B2AB-17EC-43F6-A94A-330C4AE2E1D0} = {756F560E-5161-4025-9965-5BBA141B1E07}
		{FA06DD31-D74D-4467-8C2F-CF80D6A56678} = {DC29B2AB-17EC-43F6-A94A-330C4AE2E1D0}
		{6C9CEAFC-842D-46AC-A1BC-97DF5FA39F7F} = {DC29B2AB-17EC-43F6-A94A-330C4AE2E1D0}
	EndGlobalSection
	GlobalSection(ExtensibilityGlobals) = postSolution
		SolutionGuid = {C7D6846D-5C0B-49A1-9DDB-79CBAD1052E2}
	EndGlobalSection
EndGlobal
