
Microsoft Visual Studio Solution File, Format Version 12.00
# Visual Studio Version 17
VisualStudioVersion = 17.2.32616.157
MinimumVisualStudioVersion = 10.0.40219.1
Project("{FAE04EC0-301F-11D3-BF4B-00C04F79EFBC}") = "AzServiceBusQueue.MsgReceiver", "AzServiceBusQueue.MsgReceiver\AzServiceBusQueue.MsgReceiver.csproj", "{F8829F8B-36FD-4BE6-8469-6E2CF3B0EAC4}"
EndProject
Global
	GlobalSection(SolutionConfigurationPlatforms) = preSolution
		Debug|Any CPU = Debug|Any CPU
		Release|Any CPU = Release|Any CPU
	EndGlobalSection
	GlobalSection(ProjectConfigurationPlatforms) = postSolution
		{F8829F8B-36FD-4BE6-8469-6E2CF3B0EAC4}.Debug|Any CPU.ActiveCfg = Debug|Any CPU
		{F8829F8B-36FD-4BE6-8469-6E2CF3B0EAC4}.Debug|Any CPU.Build.0 = Debug|Any CPU
		{F8829F8B-36FD-4BE6-8469-6E2CF3B0EAC4}.Release|Any CPU.ActiveCfg = Release|Any CPU
		{F8829F8B-36FD-4BE6-8469-6E2CF3B0EAC4}.Release|Any CPU.Build.0 = Release|Any CPU
	EndGlobalSection
	GlobalSection(SolutionProperties) = preSolution
		HideSolutionNode = FALSE
	EndGlobalSection
	GlobalSection(ExtensibilityGlobals) = postSolution
		SolutionGuid = {814C9087-7401-4CDA-BF20-0F21EBEB8F57}
	EndGlobalSection
EndGlobal
