
Microsoft Visual Studio Solution File, Format Version 12.00
# Visual Studio Version 17
VisualStudioVersion = 17.2.32616.157
MinimumVisualStudioVersion = 10.0.40219.1
Project("{9A19103F-16F7-4668-BE54-9A1E7A4F7556}") = "AzServiceBusQueue.MsgSender", "..\AzServiceBusQueue.GettingStarted\AzServiceBusQueue.MsgSender.csproj", "{D2122796-31E9-4531-BCFD-085ABA2FF7CE}"
EndProject
Project("{9A19103F-16F7-4668-BE54-9A1E7A4F7556}") = "AzServiceBusQueue.MsgReceiver", "..\AzServiceBusQueue.MsgReceiver\AzServiceBusQueue.MsgReceiver.csproj", "{131E0F06-9903-4687-8704-E9BD98A65D7E}"
EndProject
Project("{9A19103F-16F7-4668-BE54-9A1E7A4F7556}") = "AzStorageQueue.GettingStarted", "..\AzStorageQueue.GettingStarted\AzStorageQueue.GettingStarted.csproj", "{492930FC-6727-4210-A13F-2E32730AD3F1}"
EndProject
Global
	GlobalSection(SolutionConfigurationPlatforms) = preSolution
		Debug|Any CPU = Debug|Any CPU
		Release|Any CPU = Release|Any CPU
	EndGlobalSection
	GlobalSection(ProjectConfigurationPlatforms) = postSolution
		{D2122796-31E9-4531-BCFD-085ABA2FF7CE}.Debug|Any CPU.ActiveCfg = Debug|Any CPU
		{D2122796-31E9-4531-BCFD-085ABA2FF7CE}.Debug|Any CPU.Build.0 = Debug|Any CPU
		{D2122796-31E9-4531-BCFD-085ABA2FF7CE}.Release|Any CPU.ActiveCfg = Release|Any CPU
		{D2122796-31E9-4531-BCFD-085ABA2FF7CE}.Release|Any CPU.Build.0 = Release|Any CPU
		{131E0F06-9903-4687-8704-E9BD98A65D7E}.Debug|Any CPU.ActiveCfg = Debug|Any CPU
		{131E0F06-9903-4687-8704-E9BD98A65D7E}.Debug|Any CPU.Build.0 = Debug|Any CPU
		{131E0F06-9903-4687-8704-E9BD98A65D7E}.Release|Any CPU.ActiveCfg = Release|Any CPU
		{131E0F06-9903-4687-8704-E9BD98A65D7E}.Release|Any CPU.Build.0 = Release|Any CPU
		{492930FC-6727-4210-A13F-2E32730AD3F1}.Debug|Any CPU.ActiveCfg = Debug|Any CPU
		{492930FC-6727-4210-A13F-2E32730AD3F1}.Debug|Any CPU.Build.0 = Debug|Any CPU
		{492930FC-6727-4210-A13F-2E32730AD3F1}.Release|Any CPU.ActiveCfg = Release|Any CPU
		{492930FC-6727-4210-A13F-2E32730AD3F1}.Release|Any CPU.Build.0 = Release|Any CPU
	EndGlobalSection
	GlobalSection(SolutionProperties) = preSolution
		HideSolutionNode = FALSE
	EndGlobalSection
	GlobalSection(ExtensibilityGlobals) = postSolution
		SolutionGuid = {E4C917E1-0E39-4E53-9A6C-EF786475082F}
	EndGlobalSection
EndGlobal
