
Microsoft Visual Studio Solution File, Format Version 12.00
# Visual Studio Version 17
VisualStudioVersion = 17.0.32112.339
MinimumVisualStudioVersion = 10.0.40219.1
Project("{FAE04EC0-301F-11D3-BF4B-00C04F79EFBC}") = "FunctionApp1", "FunctionApp1\FunctionApp1.csproj", "{85D2ED66-858C-4B9A-8143-05E654E3DA0B}"
EndProject
Global
	GlobalSection(SolutionConfigurationPlatforms) = preSolution
		Debug|Any CPU = Debug|Any CPU
		Release|Any CPU = Release|Any CPU
	EndGlobalSection
	GlobalSection(ProjectConfigurationPlatforms) = postSolution
		{85D2ED66-858C-4B9A-8143-05E654E3DA0B}.Debug|Any CPU.ActiveCfg = Debug|Any CPU
		{85D2ED66-858C-4B9A-8143-05E654E3DA0B}.Debug|Any CPU.Build.0 = Debug|Any CPU
		{85D2ED66-858C-4B9A-8143-05E654E3DA0B}.Release|Any CPU.ActiveCfg = Release|Any CPU
		{85D2ED66-858C-4B9A-8143-05E654E3DA0B}.Release|Any CPU.Build.0 = Release|Any CPU
	EndGlobalSection
	GlobalSection(SolutionProperties) = preSolution
		HideSolutionNode = FALSE
	EndGlobalSection
	GlobalSection(ExtensibilityGlobals) = postSolution
		SolutionGuid = {E7138004-D795-4BDC-A7EA-F298853A92CF}
	EndGlobalSection
EndGlobal
