
Microsoft Visual Studio Solution File, Format Version 12.00
# Visual Studio Version 17
VisualStudioVersion = 17.0.32126.317
MinimumVisualStudioVersion = 10.0.40219.1
Project("{9A19103F-16F7-4668-BE54-9A1E7A4F7556}") = "FuncApp.HealthCheckDemo", "FuncApp.HealthCheckDemo\FuncApp.HealthCheckDemo.csproj", "{39726D9A-BE7F-4F07-BD22-2C3B162855FB}"
EndProject
Project("{FAE04EC0-301F-11D3-BF4B-00C04F79EFBC}") = "HealthCheckUIDemo", "HealthCheckUIDemo\HealthCheckUIDemo.csproj", "{AD59E0E0-7133-4B0B-A174-E675013CA362}"
EndProject
Global
	GlobalSection(SolutionConfigurationPlatforms) = preSolution
		Debug|Any CPU = Debug|Any CPU
		Release|Any CPU = Release|Any CPU
	EndGlobalSection
	GlobalSection(ProjectConfigurationPlatforms) = postSolution
		{39726D9A-BE7F-4F07-BD22-2C3B162855FB}.Debug|Any CPU.ActiveCfg = Debug|Any CPU
		{39726D9A-BE7F-4F07-BD22-2C3B162855FB}.Debug|Any CPU.Build.0 = Debug|Any CPU
		{39726D9A-BE7F-4F07-BD22-2C3B162855FB}.Release|Any CPU.ActiveCfg = Release|Any CPU
		{39726D9A-BE7F-4F07-BD22-2C3B162855FB}.Release|Any CPU.Build.0 = Release|Any CPU
		{AD59E0E0-7133-4B0B-A174-E675013CA362}.Debug|Any CPU.ActiveCfg = Debug|Any CPU
		{AD59E0E0-7133-4B0B-A174-E675013CA362}.Debug|Any CPU.Build.0 = Debug|Any CPU
		{AD59E0E0-7133-4B0B-A174-E675013CA362}.Release|Any CPU.ActiveCfg = Release|Any CPU
		{AD59E0E0-7133-4B0B-A174-E675013CA362}.Release|Any CPU.Build.0 = Release|Any CPU
	EndGlobalSection
	GlobalSection(SolutionProperties) = preSolution
		HideSolutionNode = FALSE
	EndGlobalSection
	GlobalSection(ExtensibilityGlobals) = postSolution
		SolutionGuid = {711DB3CE-832E-447C-B480-3BF2DDEA9D5A}
	EndGlobalSection
EndGlobal
