
Microsoft Visual Studio Solution File, Format Version 12.00
# Visual Studio Version 17
VisualStudioVersion = 17.2.32616.157
MinimumVisualStudioVersion = 10.0.40219.1
Project("{FAE04EC0-301F-11D3-BF4B-00C04F79EFBC}") = "AzStorageQueue.GettingStarted", "AzStorageQueue.GettingStarted\AzStorageQueue.GettingStarted.csproj", "{C06B7C74-53BB-4972-B0A2-7AB87FB05801}"
EndProject
Global
	GlobalSection(SolutionConfigurationPlatforms) = preSolution
		Debug|Any CPU = Debug|Any CPU
		Release|Any CPU = Release|Any CPU
	EndGlobalSection
	GlobalSection(ProjectConfigurationPlatforms) = postSolution
		{C06B7C74-53BB-4972-B0A2-7AB87FB05801}.Debug|Any CPU.ActiveCfg = Debug|Any CPU
		{C06B7C74-53BB-4972-B0A2-7AB87FB05801}.Debug|Any CPU.Build.0 = Debug|Any CPU
		{C06B7C74-53BB-4972-B0A2-7AB87FB05801}.Release|Any CPU.ActiveCfg = Release|Any CPU
		{C06B7C74-53BB-4972-B0A2-7AB87FB05801}.Release|Any CPU.Build.0 = Release|Any CPU
	EndGlobalSection
	GlobalSection(SolutionProperties) = preSolution
		HideSolutionNode = FALSE
	EndGlobalSection
	GlobalSection(ExtensibilityGlobals) = postSolution
		SolutionGuid = {45CC0562-998A-42B8-B813-2CF3E38BF0CB}
	EndGlobalSection
EndGlobal
