
Microsoft Visual Studio Solution File, Format Version 12.00
# Visual Studio Version 17
VisualStudioVersion = 17.4.33122.133
MinimumVisualStudioVersion = 10.0.40219.1
Project("{2150E333-8FDC-42A3-9474-1A3956D46DE8}") = "Source", "Source", "{9136C5CC-CA1F-47DF-B1AE-032319FA50F2}"
EndProject
Project("{2150E333-8FDC-42A3-9474-1A3956D46DE8}") = "Documentation", "Documentation", "{922B7041-5211-44B6-BA84-48B52B26AE2F}"
EndProject
Project("{2150E333-8FDC-42A3-9474-1A3956D46DE8}") = "Images", "Images", "{03C3D437-DECD-4506-BAE1-714AAB046C25}"
	ProjectSection(SolutionItems) = preProject
		Documentation\Images\Information.PNG = Documentation\Images\Information.PNG
		Documentation\Images\SeatBelt.PNG = Documentation\Images\SeatBelt.PNG
		Documentation\Images\ViswanathaSwamyPK.PNG = Documentation\Images\ViswanathaSwamyPK.PNG
	EndProjectSection
EndProject
Project("{2150E333-8FDC-42A3-9474-1A3956D46DE8}") = "Solution Items", "Solution Items", "{D40C551E-46CD-495B-AC33-9C8F9B745AE8}"
	ProjectSection(SolutionItems) = preProject
		.gitignore = .gitignore
		README.md = README.md
	EndProjectSection
EndProject
Project("{FAE04EC0-301F-11D3-BF4B-00C04F79EFBC}") = "Hospital.Core", "Source\Hospital.Core\Hospital.Core.csproj", "{526EDCBC-E48D-49B8-8363-5B186D3C1244}"
EndProject
Project("{FAE04EC0-301F-11D3-BF4B-00C04F79EFBC}") = "Patient-SendData", "Source\Patient-SendData\Patient-SendData.csproj", "{1B0BDA7F-0328-4501-AC1B-86E365AB5F1C}"
EndProject
Project("{FAE04EC0-301F-11D3-BF4B-00C04F79EFBC}") = "Patient-ReceiveData", "Source\Patient-ReceiveData\Patient-ReceiveData.csproj", "{DC57F48C-F9E5-42FD-B04C-60579E861AB9}"
EndProject
Global
	GlobalSection(SolutionConfigurationPlatforms) = preSolution
		Debug|Any CPU = Debug|Any CPU
		Release|Any CPU = Release|Any CPU
	EndGlobalSection
	GlobalSection(ProjectConfigurationPlatforms) = postSolution
		{526EDCBC-E48D-49B8-8363-5B186D3C1244}.Debug|Any CPU.ActiveCfg = Debug|Any CPU
		{526EDCBC-E48D-49B8-8363-5B186D3C1244}.Debug|Any CPU.Build.0 = Debug|Any CPU
		{526EDCBC-E48D-49B8-8363-5B186D3C1244}.Release|Any CPU.ActiveCfg = Release|Any CPU
		{526EDCBC-E48D-49B8-8363-5B186D3C1244}.Release|Any CPU.Build.0 = Release|Any CPU
		{1B0BDA7F-0328-4501-AC1B-86E365AB5F1C}.Debug|Any CPU.ActiveCfg = Debug|Any CPU
		{1B0BDA7F-0328-4501-AC1B-86E365AB5F1C}.Debug|Any CPU.Build.0 = Debug|Any CPU
		{1B0BDA7F-0328-4501-AC1B-86E365AB5F1C}.Release|Any CPU.ActiveCfg = Release|Any CPU
		{1B0BDA7F-0328-4501-AC1B-86E365AB5F1C}.Release|Any CPU.Build.0 = Release|Any CPU
		{DC57F48C-F9E5-42FD-B04C-60579E861AB9}.Debug|Any CPU.ActiveCfg = Debug|Any CPU
		{DC57F48C-F9E5-42FD-B04C-60579E861AB9}.Debug|Any CPU.Build.0 = Debug|Any CPU
		{DC57F48C-F9E5-42FD-B04C-60579E861AB9}.Release|Any CPU.ActiveCfg = Release|Any CPU
		{DC57F48C-F9E5-42FD-B04C-60579E861AB9}.Release|Any CPU.Build.0 = Release|Any CPU
	EndGlobalSection
	GlobalSection(SolutionProperties) = preSolution
		HideSolutionNode = FALSE
	EndGlobalSection
	GlobalSection(NestedProjects) = preSolution
		{03C3D437-DECD-4506-BAE1-714AAB046C25} = {922B7041-5211-44B6-BA84-48B52B26AE2F}
		{526EDCBC-E48D-49B8-8363-5B186D3C1244} = {9136C5CC-CA1F-47DF-B1AE-032319FA50F2}
		{1B0BDA7F-0328-4501-AC1B-86E365AB5F1C} = {9136C5CC-CA1F-47DF-B1AE-032319FA50F2}
		{DC57F48C-F9E5-42FD-B04C-60579E861AB9} = {9136C5CC-CA1F-47DF-B1AE-032319FA50F2}
	EndGlobalSection
	GlobalSection(ExtensibilityGlobals) = postSolution
		SolutionGuid = {CDA7CFF3-0D1F-4D8E-9E59-EDDD7223FD46}
	EndGlobalSection
EndGlobal
